
Microsoft Visual Studio Solution File, Format Version 12.00
# Visual Studio 14
VisualStudioVersion = 14.0.25420.1
MinimumVisualStudioVersion = 10.0.40219.1
Project("{2150E333-8FDC-42A3-9474-1A3956D46DE8}") = "src", "src", "{59E28553-EC3C-4162-8E7D-1F09AD90083C}"
EndProject
Project("{2150E333-8FDC-42A3-9474-1A3956D46DE8}") = "Solution Items", "Solution Items", "{9586028C-58A8-4B83-A0BD-DEB816B6627D}"
	ProjectSection(SolutionItems) = preProject
		global.json = global.json
	EndProjectSection
EndProject
Project("{8BB2217D-0F2D-49D1-97BC-3654ED321F3B}") = "WebApplication7", "src\WebApplication7\WebApplication7.xproj", "{9C0FB13A-BD49-44A9-81BC-618A02B9844D}"
EndProject
Global
	GlobalSection(SolutionConfigurationPlatforms) = preSolution
		Debug|Any CPU = Debug|Any CPU
		Release|Any CPU = Release|Any CPU
	EndGlobalSection
	GlobalSection(ProjectConfigurationPlatforms) = postSolution
		{9C0FB13A-BD49-44A9-81BC-618A02B9844D}.Debug|Any CPU.ActiveCfg = Debug|Any CPU
		{9C0FB13A-BD49-44A9-81BC-618A02B9844D}.Debug|Any CPU.Build.0 = Debug|Any CPU
		{9C0FB13A-BD49-44A9-81BC-618A02B9844D}.Release|Any CPU.ActiveCfg = Release|Any CPU
		{9C0FB13A-BD49-44A9-81BC-618A02B9844D}.Release|Any CPU.Build.0 = Release|Any CPU
	EndGlobalSection
	GlobalSection(SolutionProperties) = preSolution
		HideSolutionNode = FALSE
	EndGlobalSection
	GlobalSection(NestedProjects) = preSolution
		{9C0FB13A-BD49-44A9-81BC-618A02B9844D} = {59E28553-EC3C-4162-8E7D-1F09AD90083C}
	EndGlobalSection
EndGlobal
